// !$*UTF8*$!
{
	archiveVersion = 1;
	classes = {
	};
	objectVersion = 56;
	objects = {

/* Begin PBXBuildFile section */
		17F177782A2D08DE00E91DDA /* MiradorTests.swift in Sources */ = {isa = PBXBuildFile; fileRef = 17F177772A2D08DE00E91DDA /* MiradorTests.swift */; };
		49585F432A240580009C99E7 /* Location.swift in Sources */ = {isa = PBXBuildFile; fileRef = 49585F392A240580009C99E7 /* Location.swift */; };
		49585F442A240580009C99E7 /* LocationAnchor.swift in Sources */ = {isa = PBXBuildFile; fileRef = 49585F3A2A240580009C99E7 /* LocationAnchor.swift */; };
		49585F452A240580009C99E7 /* Entities.swift in Sources */ = {isa = PBXBuildFile; fileRef = 49585F3B2A240580009C99E7 /* Entities.swift */; };
		49585F462A240580009C99E7 /* MiradorViewModel.swift in Sources */ = {isa = PBXBuildFile; fileRef = 49585F3C2A240580009C99E7 /* MiradorViewModel.swift */; };
		49585F472A240580009C99E7 /* LocationEntity.swift in Sources */ = {isa = PBXBuildFile; fileRef = 49585F3D2A240580009C99E7 /* LocationEntity.swift */; };
		49585F482A240580009C99E7 /* UIImage+Extensions.swift in Sources */ = {isa = PBXBuildFile; fileRef = 49585F3E2A240580009C99E7 /* UIImage+Extensions.swift */; };
		49585F492A240580009C99E7 /* KalmanFilter.swift in Sources */ = {isa = PBXBuildFile; fileRef = 49585F3F2A240580009C99E7 /* KalmanFilter.swift */; };
		49585F4A2A240580009C99E7 /* LocationAnchor+JSON.swift in Sources */ = {isa = PBXBuildFile; fileRef = 49585F402A240580009C99E7 /* LocationAnchor+JSON.swift */; };
		49585F4B2A240580009C99E7 /* MiradorView.swift in Sources */ = {isa = PBXBuildFile; fileRef = 49585F412A240580009C99E7 /* MiradorView.swift */; };
		49585F4C2A240580009C99E7 /* RKExtensions.swift in Sources */ = {isa = PBXBuildFile; fileRef = 49585F422A240580009C99E7 /* RKExtensions.swift */; };
		49B96DA82A1A339900AF303A /* MiradorApp.swift in Sources */ = {isa = PBXBuildFile; fileRef = 49B96DA72A1A339900AF303A /* MiradorApp.swift */; };
		49B96DAA2A1A339900AF303A /* ContentView.swift in Sources */ = {isa = PBXBuildFile; fileRef = 49B96DA92A1A339900AF303A /* ContentView.swift */; };
		49B96DAC2A1A339A00AF303A /* Assets.xcassets in Resources */ = {isa = PBXBuildFile; fileRef = 49B96DAB2A1A339A00AF303A /* Assets.xcassets */; };
		49B96DAF2A1A339A00AF303A /* Preview Assets.xcassets in Resources */ = {isa = PBXBuildFile; fileRef = 49B96DAE2A1A339A00AF303A /* Preview Assets.xcassets */; };
		49FFC9AF2A1C2CFB006AD4E1 /* greenwich.json in Resources */ = {isa = PBXBuildFile; fileRef = 49FFC9AE2A1C2CFB006AD4E1 /* greenwich.json */; };
/* End PBXBuildFile section */

/* Begin PBXContainerItemProxy section */
		17F177792A2D08DE00E91DDA /* PBXContainerItemProxy */ = {
			isa = PBXContainerItemProxy;
			containerPortal = 49B96D9C2A1A339900AF303A /* Project object */;
			proxyType = 1;
			remoteGlobalIDString = 49B96DA32A1A339900AF303A;
			remoteInfo = Mirador;
		};
/* End PBXContainerItemProxy section */

/* Begin PBXFileReference section */
		17F177752A2D08DE00E91DDA /* MiradorTests.xctest */ = {isa = PBXFileReference; explicitFileType = wrapper.cfbundle; includeInIndex = 0; path = MiradorTests.xctest; sourceTree = BUILT_PRODUCTS_DIR; };
		17F177772A2D08DE00E91DDA /* MiradorTests.swift */ = {isa = PBXFileReference; lastKnownFileType = sourcecode.swift; path = MiradorTests.swift; sourceTree = "<group>"; };
		49585F392A240580009C99E7 /* Location.swift */ = {isa = PBXFileReference; fileEncoding = 4; lastKnownFileType = sourcecode.swift; path = Location.swift; sourceTree = "<group>"; };
		49585F3A2A240580009C99E7 /* LocationAnchor.swift */ = {isa = PBXFileReference; fileEncoding = 4; lastKnownFileType = sourcecode.swift; path = LocationAnchor.swift; sourceTree = "<group>"; };
		49585F3B2A240580009C99E7 /* Entities.swift */ = {isa = PBXFileReference; fileEncoding = 4; lastKnownFileType = sourcecode.swift; path = Entities.swift; sourceTree = "<group>"; };
		49585F3C2A240580009C99E7 /* MiradorViewModel.swift */ = {isa = PBXFileReference; fileEncoding = 4; lastKnownFileType = sourcecode.swift; path = MiradorViewModel.swift; sourceTree = "<group>"; };
		49585F3D2A240580009C99E7 /* LocationEntity.swift */ = {isa = PBXFileReference; fileEncoding = 4; lastKnownFileType = sourcecode.swift; path = LocationEntity.swift; sourceTree = "<group>"; };
		49585F3E2A240580009C99E7 /* UIImage+Extensions.swift */ = {isa = PBXFileReference; fileEncoding = 4; lastKnownFileType = sourcecode.swift; path = "UIImage+Extensions.swift"; sourceTree = "<group>"; };
		49585F3F2A240580009C99E7 /* KalmanFilter.swift */ = {isa = PBXFileReference; fileEncoding = 4; lastKnownFileType = sourcecode.swift; path = KalmanFilter.swift; sourceTree = "<group>"; };
		49585F402A240580009C99E7 /* LocationAnchor+JSON.swift */ = {isa = PBXFileReference; fileEncoding = 4; lastKnownFileType = sourcecode.swift; path = "LocationAnchor+JSON.swift"; sourceTree = "<group>"; };
		49585F412A240580009C99E7 /* MiradorView.swift */ = {isa = PBXFileReference; fileEncoding = 4; lastKnownFileType = sourcecode.swift; path = MiradorView.swift; sourceTree = "<group>"; };
		49585F422A240580009C99E7 /* RKExtensions.swift */ = {isa = PBXFileReference; fileEncoding = 4; lastKnownFileType = sourcecode.swift; path = RKExtensions.swift; sourceTree = "<group>"; };
		49B96DA42A1A339900AF303A /* Mirador.app */ = {isa = PBXFileReference; explicitFileType = wrapper.application; includeInIndex = 0; path = Mirador.app; sourceTree = BUILT_PRODUCTS_DIR; };
		49B96DA72A1A339900AF303A /* MiradorApp.swift */ = {isa = PBXFileReference; lastKnownFileType = sourcecode.swift; path = MiradorApp.swift; sourceTree = "<group>"; };
		49B96DA92A1A339900AF303A /* ContentView.swift */ = {isa = PBXFileReference; lastKnownFileType = sourcecode.swift; path = ContentView.swift; sourceTree = "<group>"; };
		49B96DAB2A1A339A00AF303A /* Assets.xcassets */ = {isa = PBXFileReference; lastKnownFileType = folder.assetcatalog; path = Assets.xcassets; sourceTree = "<group>"; };
		49B96DAE2A1A339A00AF303A /* Preview Assets.xcassets */ = {isa = PBXFileReference; lastKnownFileType = folder.assetcatalog; path = "Preview Assets.xcassets"; sourceTree = "<group>"; };
		49FFC9AE2A1C2CFB006AD4E1 /* greenwich.json */ = {isa = PBXFileReference; fileEncoding = 4; lastKnownFileType = text.json; path = greenwich.json; sourceTree = "<group>"; };
/* End PBXFileReference section */

/* Begin PBXFrameworksBuildPhase section */
		17F177722A2D08DE00E91DDA /* Frameworks */ = {
			isa = PBXFrameworksBuildPhase;
			buildActionMask = 2147483647;
			files = (
			);
			runOnlyForDeploymentPostprocessing = 0;
		};
		49B96DA12A1A339900AF303A /* Frameworks */ = {
			isa = PBXFrameworksBuildPhase;
			buildActionMask = 2147483647;
			files = (
			);
			runOnlyForDeploymentPostprocessing = 0;
		};
/* End PBXFrameworksBuildPhase section */

/* Begin PBXGroup section */
		17F177762A2D08DE00E91DDA /* MiradorTests */ = {
			isa = PBXGroup;
			children = (
				17F177772A2D08DE00E91DDA /* MiradorTests.swift */,
			);
			path = MiradorTests;
			sourceTree = "<group>";
		};
		49585F382A240580009C99E7 /* Mirador */ = {
			isa = PBXGroup;
			children = (
				49585F392A240580009C99E7 /* Location.swift */,
				49585F3A2A240580009C99E7 /* LocationAnchor.swift */,
				49585F402A240580009C99E7 /* LocationAnchor+JSON.swift */,
				49585F422A240580009C99E7 /* RKExtensions.swift */,
				49585F3B2A240580009C99E7 /* Entities.swift */,
				49585F3D2A240580009C99E7 /* LocationEntity.swift */,
				49585F3E2A240580009C99E7 /* UIImage+Extensions.swift */,
				49585F3F2A240580009C99E7 /* KalmanFilter.swift */,
				49585F3C2A240580009C99E7 /* MiradorViewModel.swift */,
				49585F412A240580009C99E7 /* MiradorView.swift */,
			);
			path = Mirador;
			sourceTree = "<group>";
		};
		49B96D9B2A1A339900AF303A = {
			isa = PBXGroup;
			children = (
				49FFC9BC2A23AB6F006AD4E1 /* Sources */,
				49B96DA62A1A339900AF303A /* Demo */,
				17F177762A2D08DE00E91DDA /* MiradorTests */,
				49B96DA52A1A339900AF303A /* Products */,
			);
			sourceTree = "<group>";
		};
		49B96DA52A1A339900AF303A /* Products */ = {
			isa = PBXGroup;
			children = (
				49B96DA42A1A339900AF303A /* Mirador.app */,
				17F177752A2D08DE00E91DDA /* MiradorTests.xctest */,
			);
			name = Products;
			sourceTree = "<group>";
		};
		49B96DA62A1A339900AF303A /* Demo */ = {
			isa = PBXGroup;
			children = (
				49B96DA72A1A339900AF303A /* MiradorApp.swift */,
				49B96DA92A1A339900AF303A /* ContentView.swift */,
				49B96DAB2A1A339A00AF303A /* Assets.xcassets */,
				49FFC9AE2A1C2CFB006AD4E1 /* greenwich.json */,
				49B96DAD2A1A339A00AF303A /* Preview Content */,
			);
			path = Demo;
			sourceTree = "<group>";
		};
		49B96DAD2A1A339A00AF303A /* Preview Content */ = {
			isa = PBXGroup;
			children = (
				49B96DAE2A1A339A00AF303A /* Preview Assets.xcassets */,
			);
			path = "Preview Content";
			sourceTree = "<group>";
		};
		49FFC9BC2A23AB6F006AD4E1 /* Sources */ = {
			isa = PBXGroup;
			children = (
				49585F382A240580009C99E7 /* Mirador */,
			);
			path = Sources;
			sourceTree = "<group>";
		};
/* End PBXGroup section */

/* Begin PBXNativeTarget section */
		17F177742A2D08DE00E91DDA /* MiradorTests */ = {
			isa = PBXNativeTarget;
			buildConfigurationList = 17F1777D2A2D08DE00E91DDA /* Build configuration list for PBXNativeTarget "MiradorTests" */;
			buildPhases = (
				17F177712A2D08DE00E91DDA /* Sources */,
				17F177722A2D08DE00E91DDA /* Frameworks */,
				17F177732A2D08DE00E91DDA /* Resources */,
			);
			buildRules = (
			);
			dependencies = (
				17F1777A2A2D08DE00E91DDA /* PBXTargetDependency */,
			);
			name = MiradorTests;
			productName = MiradorTests;
			productReference = 17F177752A2D08DE00E91DDA /* MiradorTests.xctest */;
			productType = "com.apple.product-type.bundle.unit-test";
		};
		49B96DA32A1A339900AF303A /* Mirador */ = {
			isa = PBXNativeTarget;
			buildConfigurationList = 49B96DB22A1A339A00AF303A /* Build configuration list for PBXNativeTarget "Mirador" */;
			buildPhases = (
				49B96DA02A1A339900AF303A /* Sources */,
				49B96DA12A1A339900AF303A /* Frameworks */,
				49B96DA22A1A339900AF303A /* Resources */,
			);
			buildRules = (
			);
			dependencies = (
			);
			name = Mirador;
			productName = Mirador;
			productReference = 49B96DA42A1A339900AF303A /* Mirador.app */;
			productType = "com.apple.product-type.application";
		};
/* End PBXNativeTarget section */

/* Begin PBXProject section */
		49B96D9C2A1A339900AF303A /* Project object */ = {
			isa = PBXProject;
			attributes = {
				BuildIndependentTargetsInParallel = 1;
				LastSwiftUpdateCheck = 1430;
				LastUpgradeCheck = 1430;
				TargetAttributes = {
					17F177742A2D08DE00E91DDA = {
						CreatedOnToolsVersion = 14.3;
						TestTargetID = 49B96DA32A1A339900AF303A;
					};
					49B96DA32A1A339900AF303A = {
						CreatedOnToolsVersion = 14.3;
					};
				};
			};
			buildConfigurationList = 49B96D9F2A1A339900AF303A /* Build configuration list for PBXProject "Mirador" */;
			compatibilityVersion = "Xcode 14.0";
			developmentRegion = en;
			hasScannedForEncodings = 0;
			knownRegions = (
				en,
				Base,
			);
			mainGroup = 49B96D9B2A1A339900AF303A;
			productRefGroup = 49B96DA52A1A339900AF303A /* Products */;
			projectDirPath = "";
			projectRoot = "";
			targets = (
				49B96DA32A1A339900AF303A /* Mirador */,
				17F177742A2D08DE00E91DDA /* MiradorTests */,
			);
		};
/* End PBXProject section */

/* Begin PBXResourcesBuildPhase section */
		17F177732A2D08DE00E91DDA /* Resources */ = {
			isa = PBXResourcesBuildPhase;
			buildActionMask = 2147483647;
			files = (
			);
			runOnlyForDeploymentPostprocessing = 0;
		};
		49B96DA22A1A339900AF303A /* Resources */ = {
			isa = PBXResourcesBuildPhase;
			buildActionMask = 2147483647;
			files = (
				49B96DAF2A1A339A00AF303A /* Preview Assets.xcassets in Resources */,
				49B96DAC2A1A339A00AF303A /* Assets.xcassets in Resources */,
				49FFC9AF2A1C2CFB006AD4E1 /* greenwich.json in Resources */,
			);
			runOnlyForDeploymentPostprocessing = 0;
		};
/* End PBXResourcesBuildPhase section */

/* Begin PBXSourcesBuildPhase section */
		17F177712A2D08DE00E91DDA /* Sources */ = {
			isa = PBXSourcesBuildPhase;
			buildActionMask = 2147483647;
			files = (
				17F177782A2D08DE00E91DDA /* MiradorTests.swift in Sources */,
			);
			runOnlyForDeploymentPostprocessing = 0;
		};
		49B96DA02A1A339900AF303A /* Sources */ = {
			isa = PBXSourcesBuildPhase;
			buildActionMask = 2147483647;
			files = (
				49585F4B2A240580009C99E7 /* MiradorView.swift in Sources */,
				49585F452A240580009C99E7 /* Entities.swift in Sources */,
				49B96DAA2A1A339900AF303A /* ContentView.swift in Sources */,
				49585F472A240580009C99E7 /* LocationEntity.swift in Sources */,
				49585F432A240580009C99E7 /* Location.swift in Sources */,
				49585F4C2A240580009C99E7 /* RKExtensions.swift in Sources */,
				49585F442A240580009C99E7 /* LocationAnchor.swift in Sources */,
				49585F492A240580009C99E7 /* KalmanFilter.swift in Sources */,
				49585F4A2A240580009C99E7 /* LocationAnchor+JSON.swift in Sources */,
				49585F462A240580009C99E7 /* MiradorViewModel.swift in Sources */,
				49585F482A240580009C99E7 /* UIImage+Extensions.swift in Sources */,
				49B96DA82A1A339900AF303A /* MiradorApp.swift in Sources */,
			);
			runOnlyForDeploymentPostprocessing = 0;
		};
/* End PBXSourcesBuildPhase section */

/* Begin PBXTargetDependency section */
		17F1777A2A2D08DE00E91DDA /* PBXTargetDependency */ = {
			isa = PBXTargetDependency;
			target = 49B96DA32A1A339900AF303A /* Mirador */;
			targetProxy = 17F177792A2D08DE00E91DDA /* PBXContainerItemProxy */;
		};
/* End PBXTargetDependency section */

/* Begin XCBuildConfiguration section */
		17F1777B2A2D08DE00E91DDA /* Debug */ = {
			isa = XCBuildConfiguration;
			buildSettings = {
				BUNDLE_LOADER = "$(TEST_HOST)";
				CODE_SIGN_STYLE = Automatic;
				CURRENT_PROJECT_VERSION = 1;
				GENERATE_INFOPLIST_FILE = YES;
				MARKETING_VERSION = 1.0;
				PRODUCT_BUNDLE_IDENTIFIER = Hyper.Mirador.MiradorTests;
				PRODUCT_NAME = "$(TARGET_NAME)";
				SWIFT_EMIT_LOC_STRINGS = NO;
				SWIFT_VERSION = 5.0;
				TARGETED_DEVICE_FAMILY = "1,2";
				TEST_HOST = "$(BUILT_PRODUCTS_DIR)/Mirador.app/$(BUNDLE_EXECUTABLE_FOLDER_PATH)/Mirador";
			};
			name = Debug;
		};
		17F1777C2A2D08DE00E91DDA /* Release */ = {
			isa = XCBuildConfiguration;
			buildSettings = {
				BUNDLE_LOADER = "$(TEST_HOST)";
				CODE_SIGN_STYLE = Automatic;
				CURRENT_PROJECT_VERSION = 1;
				GENERATE_INFOPLIST_FILE = YES;
				MARKETING_VERSION = 1.0;
				PRODUCT_BUNDLE_IDENTIFIER = Hyper.Mirador.MiradorTests;
				PRODUCT_NAME = "$(TARGET_NAME)";
				SWIFT_EMIT_LOC_STRINGS = NO;
				SWIFT_VERSION = 5.0;
				TARGETED_DEVICE_FAMILY = "1,2";
				TEST_HOST = "$(BUILT_PRODUCTS_DIR)/Mirador.app/$(BUNDLE_EXECUTABLE_FOLDER_PATH)/Mirador";
			};
			name = Release;
		};
		49B96DB02A1A339A00AF303A /* Debug */ = {
			isa = XCBuildConfiguration;
			buildSettings = {
				ALWAYS_SEARCH_USER_PATHS = NO;
				CLANG_ANALYZER_NONNULL = YES;
				CLANG_ANALYZER_NUMBER_OBJECT_CONVERSION = YES_AGGRESSIVE;
				CLANG_CXX_LANGUAGE_STANDARD = "gnu++20";
				CLANG_ENABLE_MODULES = YES;
				CLANG_ENABLE_OBJC_ARC = YES;
				CLANG_ENABLE_OBJC_WEAK = YES;
				CLANG_WARN_BLOCK_CAPTURE_AUTORELEASING = YES;
				CLANG_WARN_BOOL_CONVERSION = YES;
				CLANG_WARN_COMMA = YES;
				CLANG_WARN_CONSTANT_CONVERSION = YES;
				CLANG_WARN_DEPRECATED_OBJC_IMPLEMENTATIONS = YES;
				CLANG_WARN_DIRECT_OBJC_ISA_USAGE = YES_ERROR;
				CLANG_WARN_DOCUMENTATION_COMMENTS = YES;
				CLANG_WARN_EMPTY_BODY = YES;
				CLANG_WARN_ENUM_CONVERSION = YES;
				CLANG_WARN_INFINITE_RECURSION = YES;
				CLANG_WARN_INT_CONVERSION = YES;
				CLANG_WARN_NON_LITERAL_NULL_CONVERSION = YES;
				CLANG_WARN_OBJC_IMPLICIT_RETAIN_SELF = YES;
				CLANG_WARN_OBJC_LITERAL_CONVERSION = YES;
				CLANG_WARN_OBJC_ROOT_CLASS = YES_ERROR;
				CLANG_WARN_QUOTED_INCLUDE_IN_FRAMEWORK_HEADER = YES;
				CLANG_WARN_RANGE_LOOP_ANALYSIS = YES;
				CLANG_WARN_STRICT_PROTOTYPES = YES;
				CLANG_WARN_SUSPICIOUS_MOVE = YES;
				CLANG_WARN_UNGUARDED_AVAILABILITY = YES_AGGRESSIVE;
				CLANG_WARN_UNREACHABLE_CODE = YES;
				CLANG_WARN__DUPLICATE_METHOD_MATCH = YES;
				COPY_PHASE_STRIP = NO;
				DEBUG_INFORMATION_FORMAT = dwarf;
				ENABLE_STRICT_OBJC_MSGSEND = YES;
				ENABLE_TESTABILITY = YES;
				GCC_C_LANGUAGE_STANDARD = gnu11;
				GCC_DYNAMIC_NO_PIC = NO;
				GCC_NO_COMMON_BLOCKS = YES;
				GCC_OPTIMIZATION_LEVEL = 0;
				GCC_PREPROCESSOR_DEFINITIONS = (
					"DEBUG=1",
					"$(inherited)",
				);
				GCC_WARN_64_TO_32_BIT_CONVERSION = YES;
				GCC_WARN_ABOUT_RETURN_TYPE = YES_ERROR;
				GCC_WARN_UNDECLARED_SELECTOR = YES;
				GCC_WARN_UNINITIALIZED_AUTOS = YES_AGGRESSIVE;
				GCC_WARN_UNUSED_FUNCTION = YES;
				GCC_WARN_UNUSED_VARIABLE = YES;
				IPHONEOS_DEPLOYMENT_TARGET = 16.4;
				MTL_ENABLE_DEBUG_INFO = INCLUDE_SOURCE;
				MTL_FAST_MATH = YES;
				ONLY_ACTIVE_ARCH = YES;
				SDKROOT = iphoneos;
				SWIFT_ACTIVE_COMPILATION_CONDITIONS = DEBUG;
				SWIFT_OPTIMIZATION_LEVEL = "-Onone";
			};
			name = Debug;
		};
		49B96DB12A1A339A00AF303A /* Release */ = {
			isa = XCBuildConfiguration;
			buildSettings = {
				ALWAYS_SEARCH_USER_PATHS = NO;
				CLANG_ANALYZER_NONNULL = YES;
				CLANG_ANALYZER_NUMBER_OBJECT_CONVERSION = YES_AGGRESSIVE;
				CLANG_CXX_LANGUAGE_STANDARD = "gnu++20";
				CLANG_ENABLE_MODULES = YES;
				CLANG_ENABLE_OBJC_ARC = YES;
				CLANG_ENABLE_OBJC_WEAK = YES;
				CLANG_WARN_BLOCK_CAPTURE_AUTORELEASING = YES;
				CLANG_WARN_BOOL_CONVERSION = YES;
				CLANG_WARN_COMMA = YES;
				CLANG_WARN_CONSTANT_CONVERSION = YES;
				CLANG_WARN_DEPRECATED_OBJC_IMPLEMENTATIONS = YES;
				CLANG_WARN_DIRECT_OBJC_ISA_USAGE = YES_ERROR;
				CLANG_WARN_DOCUMENTATION_COMMENTS = YES;
				CLANG_WARN_EMPTY_BODY = YES;
				CLANG_WARN_ENUM_CONVERSION = YES;
				CLANG_WARN_INFINITE_RECURSION = YES;
				CLANG_WARN_INT_CONVERSION = YES;
				CLANG_WARN_NON_LITERAL_NULL_CONVERSION = YES;
				CLANG_WARN_OBJC_IMPLICIT_RETAIN_SELF = YES;
				CLANG_WARN_OBJC_LITERAL_CONVERSION = YES;
				CLANG_WARN_OBJC_ROOT_CLASS = YES_ERROR;
				CLANG_WARN_QUOTED_INCLUDE_IN_FRAMEWORK_HEADER = YES;
				CLANG_WARN_RANGE_LOOP_ANALYSIS = YES;
				CLANG_WARN_STRICT_PROTOTYPES = YES;
				CLANG_WARN_SUSPICIOUS_MOVE = YES;
				CLANG_WARN_UNGUARDED_AVAILABILITY = YES_AGGRESSIVE;
				CLANG_WARN_UNREACHABLE_CODE = YES;
				CLANG_WARN__DUPLICATE_METHOD_MATCH = YES;
				COPY_PHASE_STRIP = NO;
				DEBUG_INFORMATION_FORMAT = "dwarf-with-dsym";
				ENABLE_NS_ASSERTIONS = NO;
				ENABLE_STRICT_OBJC_MSGSEND = YES;
				GCC_C_LANGUAGE_STANDARD = gnu11;
				GCC_NO_COMMON_BLOCKS = YES;
				GCC_WARN_64_TO_32_BIT_CONVERSION = YES;
				GCC_WARN_ABOUT_RETURN_TYPE = YES_ERROR;
				GCC_WARN_UNDECLARED_SELECTOR = YES;
				GCC_WARN_UNINITIALIZED_AUTOS = YES_AGGRESSIVE;
				GCC_WARN_UNUSED_FUNCTION = YES;
				GCC_WARN_UNUSED_VARIABLE = YES;
				IPHONEOS_DEPLOYMENT_TARGET = 16.4;
				MTL_ENABLE_DEBUG_INFO = NO;
				MTL_FAST_MATH = YES;
				SDKROOT = iphoneos;
				SWIFT_COMPILATION_MODE = wholemodule;
				SWIFT_OPTIMIZATION_LEVEL = "-O";
				VALIDATE_PRODUCT = YES;
			};
			name = Release;
		};
		49B96DB32A1A339A00AF303A /* Debug */ = {
			isa = XCBuildConfiguration;
			buildSettings = {
				ASSETCATALOG_COMPILER_APPICON_NAME = AppIcon;
				ASSETCATALOG_COMPILER_GLOBAL_ACCENT_COLOR_NAME = AccentColor;
				CODE_SIGN_STYLE = Automatic;
				CURRENT_PROJECT_VERSION = 1;
				DEVELOPMENT_ASSET_PATHS = "\"Demo/Preview Content\"";
				ENABLE_PREVIEWS = YES;
				GENERATE_INFOPLIST_FILE = YES;
				INFOPLIST_KEY_NSCameraUsageDescription = "Mirador uses your camera for AR";
				INFOPLIST_KEY_UIApplicationSceneManifest_Generation = YES;
				INFOPLIST_KEY_UIApplicationSupportsIndirectInputEvents = YES;
				INFOPLIST_KEY_UILaunchScreen_Generation = YES;
				INFOPLIST_KEY_UISupportedInterfaceOrientations_iPad = "UIInterfaceOrientationPortrait UIInterfaceOrientationPortraitUpsideDown UIInterfaceOrientationLandscapeLeft UIInterfaceOrientationLandscapeRight";
				INFOPLIST_KEY_UISupportedInterfaceOrientations_iPhone = "UIInterfaceOrientationPortrait UIInterfaceOrientationLandscapeLeft UIInterfaceOrientationLandscapeRight";
				IPHONEOS_DEPLOYMENT_TARGET = 16.0;
				LD_RUNPATH_SEARCH_PATHS = (
					"$(inherited)",
					"@executable_path/Frameworks",
				);
				MARKETING_VERSION = 1.0;
				PRODUCT_BUNDLE_IDENTIFIER = Hyper.Mirador;
				PRODUCT_NAME = "$(TARGET_NAME)";
				SWIFT_EMIT_LOC_STRINGS = YES;
				SWIFT_VERSION = 5.0;
				TARGETED_DEVICE_FAMILY = "1,2";
			};
			name = Debug;
		};
		49B96DB42A1A339A00AF303A /* Release */ = {
			isa = XCBuildConfiguration;
			buildSettings = {
				ASSETCATALOG_COMPILER_APPICON_NAME = AppIcon;
				ASSETCATALOG_COMPILER_GLOBAL_ACCENT_COLOR_NAME = AccentColor;
				CODE_SIGN_STYLE = Automatic;
				CURRENT_PROJECT_VERSION = 1;
				DEVELOPMENT_ASSET_PATHS = "\"Demo/Preview Content\"";
				ENABLE_PREVIEWS = YES;
				GENERATE_INFOPLIST_FILE = YES;
				INFOPLIST_KEY_NSCameraUsageDescription = "Mirador uses your camera for AR";
				INFOPLIST_KEY_UIApplicationSceneManifest_Generation = YES;
				INFOPLIST_KEY_UIApplicationSupportsIndirectInputEvents = YES;
				INFOPLIST_KEY_UILaunchScreen_Generation = YES;
				INFOPLIST_KEY_UISupportedInterfaceOrientations = "UIInterfaceOrientationLandscapeLeft UIInterfaceOrientationLandscapeRight UIInterfaceOrientationPortrait";
				INFOPLIST_KEY_UISupportedInterfaceOrientations_iPad = "UIInterfaceOrientationLandscapeLeft UIInterfaceOrientationLandscapeRight UIInterfaceOrientationPortrait UIInterfaceOrientationPortraitUpsideDown";
				IPHONEOS_DEPLOYMENT_TARGET = 16.0;
				LD_RUNPATH_SEARCH_PATHS = (
					"$(inherited)",
					"@executable_path/Frameworks",
				);
				MARKETING_VERSION = 1.0;
				PRODUCT_BUNDLE_IDENTIFIER = Hyper.Mirador;
				PRODUCT_NAME = "$(TARGET_NAME)";
				SWIFT_EMIT_LOC_STRINGS = YES;
				SWIFT_VERSION = 5.0;
				TARGETED_DEVICE_FAMILY = "1,2";
			};
			name = Release;
		};
/* End XCBuildConfiguration section */

/* Begin XCConfigurationList section */
		17F1777D2A2D08DE00E91DDA /* Build configuration list for PBXNativeTarget "MiradorTests" */ = {
			isa = XCConfigurationList;
			buildConfigurations = (
				17F1777B2A2D08DE00E91DDA /* Debug */,
				17F1777C2A2D08DE00E91DDA /* Release */,
			);
			defaultConfigurationIsVisible = 0;
			defaultConfigurationName = Release;
		};
		49B96D9F2A1A339900AF303A /* Build configuration list for PBXProject "Mirador" */ = {
			isa = XCConfigurationList;
			buildConfigurations = (
				49B96DB02A1A339A00AF303A /* Debug */,
				49B96DB12A1A339A00AF303A /* Release */,
			);
			defaultConfigurationIsVisible = 0;
			defaultConfigurationName = Release;
		};
		49B96DB22A1A339A00AF303A /* Build configuration list for PBXNativeTarget "Mirador" */ = {
			isa = XCConfigurationList;
			buildConfigurations = (
				49B96DB32A1A339A00AF303A /* Debug */,
				49B96DB42A1A339A00AF303A /* Release */,
			);
			defaultConfigurationIsVisible = 0;
			defaultConfigurationName = Release;
		};
/* End XCConfigurationList section */
	};
	rootObject = 49B96D9C2A1A339900AF303A /* Project object */;
}
